// !$*UTF8*$!
{
	archiveVersion = 1;
	classes = {
	};
	objectVersion = 51;
	objects = {

/* Begin PBXBuildFile section */
		3F2C5C77242D7E22006A62CC /* RoomListView.swift in Sources */ = {isa = PBXBuildFile; fileRef = 3F2C5C76242D7E22006A62CC /* RoomListView.swift */; };
		3F2C5C79242D8316006A62CC /* GoogleService-Info.plist in Resources */ = {isa = PBXBuildFile; fileRef = 3F2C5C78242D8315006A62CC /* GoogleService-Info.plist */; };
		3F2C5C7B242D83D9006A62CC /* Home.swift in Sources */ = {isa = PBXBuildFile; fileRef = 3F2C5C7A242D83D9006A62CC /* Home.swift */; };
		3F49912E249C464000ED8E75 /* AccountSettingsView.swift in Sources */ = {isa = PBXBuildFile; fileRef = 3F49912D249C464000ED8E75 /* AccountSettingsView.swift */; };
		3F696DCB24809B46009F4FC0 /* MessageManager.swift in Sources */ = {isa = PBXBuildFile; fileRef = 3F696DCA24809B46009F4FC0 /* MessageManager.swift */; };
		3F7F256F2493008A005E8978 /* AddRoomView.swift in Sources */ = {isa = PBXBuildFile; fileRef = 3F7F256E2493008A005E8978 /* AddRoomView.swift */; };
		3F7F257124930DD3005E8978 /* UserListCell.swift in Sources */ = {isa = PBXBuildFile; fileRef = 3F7F257024930DD3005E8978 /* UserListCell.swift */; };
		3F801F03244931D700DA268C /* AccountView.swift in Sources */ = {isa = PBXBuildFile; fileRef = 3F801F02244931D600DA268C /* AccountView.swift */; };
		3F801F092449420300DA268C /* AccountManager.swift in Sources */ = {isa = PBXBuildFile; fileRef = 3F801F082449420300DA268C /* AccountManager.swift */; };
		3FABA1282489CA3F00E44D9A /* RoomListCell.swift in Sources */ = {isa = PBXBuildFile; fileRef = 3FABA1272489CA3F00E44D9A /* RoomListCell.swift */; };
		3FABA12A2489D1E400E44D9A /* MessageListView.swift in Sources */ = {isa = PBXBuildFile; fileRef = 3FABA1292489D1E400E44D9A /* MessageListView.swift */; };
		3FE05AD32424537100066443 /* AppDelegate.swift in Sources */ = {isa = PBXBuildFile; fileRef = 3FE05AD22424537100066443 /* AppDelegate.swift */; };
		3FE05AD52424537100066443 /* SceneDelegate.swift in Sources */ = {isa = PBXBuildFile; fileRef = 3FE05AD42424537100066443 /* SceneDelegate.swift */; };
		3FE05ADA2424537100066443 /* Main.storyboard in Resources */ = {isa = PBXBuildFile; fileRef = 3FE05AD82424537100066443 /* Main.storyboard */; };
		3FE05ADC2424537800066443 /* Assets.xcassets in Resources */ = {isa = PBXBuildFile; fileRef = 3FE05ADB2424537800066443 /* Assets.xcassets */; };
		3FE05ADF2424537800066443 /* LaunchScreen.storyboard in Resources */ = {isa = PBXBuildFile; fileRef = 3FE05ADD2424537800066443 /* LaunchScreen.storyboard */; };
		73C0065F0AC02187CCE205D5 /* Pods_CCMesseage.framework in Frameworks */ = {isa = PBXBuildFile; fileRef = F1B124EDD5243CF2A64B91F4 /* Pods_CCMesseage.framework */; };
		F1D63AFD24B76EF600F39109 /* MusicView.swift in Sources */ = {isa = PBXBuildFile; fileRef = F1D63AFC24B76EF600F39109 /* MusicView.swift */; };
/* End PBXBuildFile section */

/* Begin PBXFileReference section */
		3F2C5C76242D7E22006A62CC /* RoomListView.swift */ = {isa = PBXFileReference; lastKnownFileType = sourcecode.swift; path = RoomListView.swift; sourceTree = "<group>"; };
		3F2C5C78242D8315006A62CC /* GoogleService-Info.plist */ = {isa = PBXFileReference; fileEncoding = 4; lastKnownFileType = text.plist.xml; path = "GoogleService-Info.plist"; sourceTree = "<group>"; };
		3F2C5C7A242D83D9006A62CC /* Home.swift */ = {isa = PBXFileReference; fileEncoding = 4; lastKnownFileType = sourcecode.swift; path = Home.swift; sourceTree = "<group>"; };
		3F49912D249C464000ED8E75 /* AccountSettingsView.swift */ = {isa = PBXFileReference; lastKnownFileType = sourcecode.swift; path = AccountSettingsView.swift; sourceTree = "<group>"; };
		3F696DCA24809B46009F4FC0 /* MessageManager.swift */ = {isa = PBXFileReference; lastKnownFileType = sourcecode.swift; path = MessageManager.swift; sourceTree = "<group>"; };
		3F7F256E2493008A005E8978 /* AddRoomView.swift */ = {isa = PBXFileReference; fileEncoding = 4; lastKnownFileType = sourcecode.swift; path = AddRoomView.swift; sourceTree = "<group>"; };
		3F7F257024930DD3005E8978 /* UserListCell.swift */ = {isa = PBXFileReference; lastKnownFileType = sourcecode.swift; path = UserListCell.swift; sourceTree = "<group>"; };
		3F801F02244931D600DA268C /* AccountView.swift */ = {isa = PBXFileReference; lastKnownFileType = sourcecode.swift; path = AccountView.swift; sourceTree = "<group>"; };
		3F801F082449420300DA268C /* AccountManager.swift */ = {isa = PBXFileReference; lastKnownFileType = sourcecode.swift; path = AccountManager.swift; sourceTree = "<group>"; };
		3FABA1272489CA3F00E44D9A /* RoomListCell.swift */ = {isa = PBXFileReference; lastKnownFileType = sourcecode.swift; path = RoomListCell.swift; sourceTree = "<group>"; };
		3FABA1292489D1E400E44D9A /* MessageListView.swift */ = {isa = PBXFileReference; lastKnownFileType = sourcecode.swift; path = MessageListView.swift; sourceTree = "<group>"; };
		3FE05ACF2424537100066443 /* CCMesseage.app */ = {isa = PBXFileReference; explicitFileType = wrapper.application; includeInIndex = 0; path = CCMesseage.app; sourceTree = BUILT_PRODUCTS_DIR; };
		3FE05AD22424537100066443 /* AppDelegate.swift */ = {isa = PBXFileReference; lastKnownFileType = sourcecode.swift; path = AppDelegate.swift; sourceTree = "<group>"; };
		3FE05AD42424537100066443 /* SceneDelegate.swift */ = {isa = PBXFileReference; lastKnownFileType = sourcecode.swift; path = SceneDelegate.swift; sourceTree = "<group>"; };
		3FE05AD92424537100066443 /* Base */ = {isa = PBXFileReference; lastKnownFileType = file.storyboard; name = Base; path = Base.lproj/Main.storyboard; sourceTree = "<group>"; };
		3FE05ADB2424537800066443 /* Assets.xcassets */ = {isa = PBXFileReference; lastKnownFileType = folder.assetcatalog; path = Assets.xcassets; sourceTree = "<group>"; };
		3FE05ADE2424537800066443 /* Base */ = {isa = PBXFileReference; lastKnownFileType = file.storyboard; name = Base; path = Base.lproj/LaunchScreen.storyboard; sourceTree = "<group>"; };
		3FE05AE02424537800066443 /* Info.plist */ = {isa = PBXFileReference; lastKnownFileType = text.plist.xml; path = Info.plist; sourceTree = "<group>"; };
		470EE4D31016A8C721832C12 /* Pods-CCMesseage.release.xcconfig */ = {isa = PBXFileReference; includeInIndex = 1; lastKnownFileType = text.xcconfig; name = "Pods-CCMesseage.release.xcconfig"; path = "Target Support Files/Pods-CCMesseage/Pods-CCMesseage.release.xcconfig"; sourceTree = "<group>"; };
		7E556DA870BF3A2FBF4216BD /* Pods-CCMesseage.debug.xcconfig */ = {isa = PBXFileReference; includeInIndex = 1; lastKnownFileType = text.xcconfig; name = "Pods-CCMesseage.debug.xcconfig"; path = "Target Support Files/Pods-CCMesseage/Pods-CCMesseage.debug.xcconfig"; sourceTree = "<group>"; };
		F1B124EDD5243CF2A64B91F4 /* Pods_CCMesseage.framework */ = {isa = PBXFileReference; explicitFileType = wrapper.framework; includeInIndex = 0; path = Pods_CCMesseage.framework; sourceTree = BUILT_PRODUCTS_DIR; };
		F1D63AFC24B76EF600F39109 /* MusicView.swift */ = {isa = PBXFileReference; fileEncoding = 4; lastKnownFileType = sourcecode.swift; path = MusicView.swift; sourceTree = "<group>"; };
/* End PBXFileReference section */

/* Begin PBXFrameworksBuildPhase section */
		3FE05ACC2424537100066443 /* Frameworks */ = {
			isa = PBXFrameworksBuildPhase;
			buildActionMask = 2147483647;
			files = (
				73C0065F0AC02187CCE205D5 /* Pods_CCMesseage.framework in Frameworks */,
			);
			runOnlyForDeploymentPostprocessing = 0;
		};
/* End PBXFrameworksBuildPhase section */

/* Begin PBXGroup section */
		1EA59AEB97545AB3AB8F4A40 /* Frameworks */ = {
			isa = PBXGroup;
			children = (
				F1B124EDD5243CF2A64B91F4 /* Pods_CCMesseage.framework */,
			);
			name = Frameworks;
			sourceTree = "<group>";
		};
		3FE05AC62424537100066443 = {
			isa = PBXGroup;
			children = (
				3FE05AD12424537100066443 /* CCMesseage */,
				3FE05AD02424537100066443 /* Products */,
				653419ECB8EF7E025605834D /* Pods */,
				1EA59AEB97545AB3AB8F4A40 /* Frameworks */,
			);
			sourceTree = "<group>";
		};
		3FE05AD02424537100066443 /* Products */ = {
			isa = PBXGroup;
			children = (
				3FE05ACF2424537100066443 /* CCMesseage.app */,
			);
			name = Products;
			sourceTree = "<group>";
		};
		3FE05AD12424537100066443 /* CCMesseage */ = {
			isa = PBXGroup;
			children = (
				3F7F256E2493008A005E8978 /* AddRoomView.swift */,
				3F7F257024930DD3005E8978 /* UserListCell.swift */,
				3FE05AD22424537100066443 /* AppDelegate.swift */,
				3F2C5C7A242D83D9006A62CC /* Home.swift */,
				3FE05AD42424537100066443 /* SceneDelegate.swift */,
				3F801F082449420300DA268C /* AccountManager.swift */,
				3FE05AD82424537100066443 /* Main.storyboard */,
				F1D63AFC24B76EF600F39109 /* MusicView.swift */,
				3F49912D249C464000ED8E75 /* AccountSettingsView.swift */,
				3FABA1272489CA3F00E44D9A /* RoomListCell.swift */,
				3F801F02244931D600DA268C /* AccountView.swift */,
				3F2C5C78242D8315006A62CC /* GoogleService-Info.plist */,
				3F2C5C76242D7E22006A62CC /* RoomListView.swift */,
				3FABA1292489D1E400E44D9A /* MessageListView.swift */,
				3F696DCA24809B46009F4FC0 /* MessageManager.swift */,
				3FE05ADB2424537800066443 /* Assets.xcassets */,
				3FE05ADD2424537800066443 /* LaunchScreen.storyboard */,
				3FE05AE02424537800066443 /* Info.plist */,
			);
			path = CCMesseage;
			sourceTree = "<group>";
		};
		653419ECB8EF7E025605834D /* Pods */ = {
			isa = PBXGroup;
			children = (
				7E556DA870BF3A2FBF4216BD /* Pods-CCMesseage.debug.xcconfig */,
				470EE4D31016A8C721832C12 /* Pods-CCMesseage.release.xcconfig */,
			);
			path = Pods;
			sourceTree = "<group>";
		};
/* End PBXGroup section */

/* Begin PBXNativeTarget section */
		3FE05ACE2424537100066443 /* CCMesseage */ = {
			isa = PBXNativeTarget;
			buildConfigurationList = 3FE05AE32424537800066443 /* Build configuration list for PBXNativeTarget "CCMesseage" */;
			buildPhases = (
				3AE8C2070F54BD940A2B7F94 /* [CP] Check Pods Manifest.lock */,
				3FE05ACB2424537100066443 /* Sources */,
				3FE05ACC2424537100066443 /* Frameworks */,
				3FE05ACD2424537100066443 /* Resources */,
				5812282A715E0A2FD7115B3E /* [CP] Embed Pods Frameworks */,
			);
			buildRules = (
			);
			dependencies = (
			);
			name = CCMesseage;
			productName = CCMesseage;
			productReference = 3FE05ACF2424537100066443 /* CCMesseage.app */;
			productType = "com.apple.product-type.application";
		};
/* End PBXNativeTarget section */

/* Begin PBXProject section */
		3FE05AC72424537100066443 /* Project object */ = {
			isa = PBXProject;
			attributes = {
				LastSwiftUpdateCheck = 1130;
				LastUpgradeCheck = 1130;
				ORGANIZATIONNAME = hsuan;
				TargetAttributes = {
					3FE05ACE2424537100066443 = {
						CreatedOnToolsVersion = 11.3.1;
					};
				};
			};
			buildConfigurationList = 3FE05ACA2424537100066443 /* Build configuration list for PBXProject "CCMesseage" */;
			compatibilityVersion = "Xcode 9.3";
			developmentRegion = en;
			hasScannedForEncodings = 0;
			knownRegions = (
				en,
				Base,
			);
			mainGroup = 3FE05AC62424537100066443;
			productRefGroup = 3FE05AD02424537100066443 /* Products */;
			projectDirPath = "";
			projectRoot = "";
			targets = (
				3FE05ACE2424537100066443 /* CCMesseage */,
			);
		};
/* End PBXProject section */

/* Begin PBXResourcesBuildPhase section */
		3FE05ACD2424537100066443 /* Resources */ = {
			isa = PBXResourcesBuildPhase;
			buildActionMask = 2147483647;
			files = (
				3FE05ADF2424537800066443 /* LaunchScreen.storyboard in Resources */,
				3F2C5C79242D8316006A62CC /* GoogleService-Info.plist in Resources */,
				3FE05ADC2424537800066443 /* Assets.xcassets in Resources */,
				3FE05ADA2424537100066443 /* Main.storyboard in Resources */,
			);
			runOnlyForDeploymentPostprocessing = 0;
		};
/* End PBXResourcesBuildPhase section */

/* Begin PBXShellScriptBuildPhase section */
		3AE8C2070F54BD940A2B7F94 /* [CP] Check Pods Manifest.lock */ = {
			isa = PBXShellScriptBuildPhase;
			buildActionMask = 2147483647;
			files = (
			);
			inputFileListPaths = (
			);
			inputPaths = (
				"${PODS_PODFILE_DIR_PATH}/Podfile.lock",
				"${PODS_ROOT}/Manifest.lock",
			);
			name = "[CP] Check Pods Manifest.lock";
			outputFileListPaths = (
			);
			outputPaths = (
				"$(DERIVED_FILE_DIR)/Pods-CCMesseage-checkManifestLockResult.txt",
			);
			runOnlyForDeploymentPostprocessing = 0;
			shellPath = /bin/sh;
			shellScript = "diff \"${PODS_PODFILE_DIR_PATH}/Podfile.lock\" \"${PODS_ROOT}/Manifest.lock\" > /dev/null\nif [ $? != 0 ] ; then\n    # print error to STDERR\n    echo \"error: The sandbox is not in sync with the Podfile.lock. Run 'pod install' or update your CocoaPods installation.\" >&2\n    exit 1\nfi\n# This output is used by Xcode 'outputs' to avoid re-running this script phase.\necho \"SUCCESS\" > \"${SCRIPT_OUTPUT_FILE_0}\"\n";
			showEnvVarsInLog = 0;
		};
		5812282A715E0A2FD7115B3E /* [CP] Embed Pods Frameworks */ = {
			isa = PBXShellScriptBuildPhase;
			buildActionMask = 2147483647;
			files = (
			);
			inputFileListPaths = (
				"${PODS_ROOT}/Target Support Files/Pods-CCMesseage/Pods-CCMesseage-frameworks-${CONFIGURATION}-input-files.xcfilelist",
			);
			name = "[CP] Embed Pods Frameworks";
			outputFileListPaths = (
				"${PODS_ROOT}/Target Support Files/Pods-CCMesseage/Pods-CCMesseage-frameworks-${CONFIGURATION}-output-files.xcfilelist",
			);
			runOnlyForDeploymentPostprocessing = 0;
			shellPath = /bin/sh;
			shellScript = "\"${PODS_ROOT}/Target Support Files/Pods-CCMesseage/Pods-CCMesseage-frameworks.sh\"\n";
			showEnvVarsInLog = 0;
		};
/* End PBXShellScriptBuildPhase section */

/* Begin PBXSourcesBuildPhase section */
		3FE05ACB2424537100066443 /* Sources */ = {
			isa = PBXSourcesBuildPhase;
			buildActionMask = 2147483647;
			files = (
				3F2C5C77242D7E22006A62CC /* RoomListView.swift in Sources */,
				3F49912E249C464000ED8E75 /* AccountSettingsView.swift in Sources */,
				3F801F092449420300DA268C /* AccountManager.swift in Sources */,
				3F7F256F2493008A005E8978 /* AddRoomView.swift in Sources */,
				3F2C5C7B242D83D9006A62CC /* Home.swift in Sources */,
				3FE05AD32424537100066443 /* AppDelegate.swift in Sources */,
				3FABA12A2489D1E400E44D9A /* MessageListView.swift in Sources */,
				3FE05AD52424537100066443 /* SceneDelegate.swift in Sources */,
				3F7F257124930DD3005E8978 /* UserListCell.swift in Sources */,
				F1D63AFD24B76EF600F39109 /* MusicView.swift in Sources */,
				3F801F03244931D700DA268C /* AccountView.swift in Sources */,
				3FABA1282489CA3F00E44D9A /* RoomListCell.swift in Sources */,
				3F696DCB24809B46009F4FC0 /* MessageManager.swift in Sources */,
			);
			runOnlyForDeploymentPostprocessing = 0;
		};
/* End PBXSourcesBuildPhase section */

/* Begin PBXVariantGroup section */
		3FE05AD82424537100066443 /* Main.storyboard */ = {
			isa = PBXVariantGroup;
			children = (
				3FE05AD92424537100066443 /* Base */,
			);
			name = Main.storyboard;
			sourceTree = "<group>";
		};
		3FE05ADD2424537800066443 /* LaunchScreen.storyboard */ = {
			isa = PBXVariantGroup;
			children = (
				3FE05ADE2424537800066443 /* Base */,
			);
			name = LaunchScreen.storyboard;
			sourceTree = "<group>";
		};
/* End PBXVariantGroup section */

/* Begin XCBuildConfiguration section */
		3FE05AE12424537800066443 /* Debug */ = {
			isa = XCBuildConfiguration;
			buildSettings = {
				ALWAYS_SEARCH_USER_PATHS = NO;
				CLANG_ANALYZER_NONNULL = YES;
				CLANG_ANALYZER_NUMBER_OBJECT_CONVERSION = YES_AGGRESSIVE;
				CLANG_CXX_LANGUAGE_STANDARD = "gnu++14";
				CLANG_CXX_LIBRARY = "libc++";
				CLANG_ENABLE_MODULES = YES;
				CLANG_ENABLE_OBJC_ARC = YES;
				CLANG_ENABLE_OBJC_WEAK = YES;
				CLANG_WARN_BLOCK_CAPTURE_AUTORELEASING = YES;
				CLANG_WARN_BOOL_CONVERSION = YES;
				CLANG_WARN_COMMA = YES;
				CLANG_WARN_CONSTANT_CONVERSION = YES;
				CLANG_WARN_DEPRECATED_OBJC_IMPLEMENTATIONS = YES;
				CLANG_WARN_DIRECT_OBJC_ISA_USAGE = YES_ERROR;
				CLANG_WARN_DOCUMENTATION_COMMENTS = YES;
				CLANG_WARN_EMPTY_BODY = YES;
				CLANG_WARN_ENUM_CONVERSION = YES;
				CLANG_WARN_INFINITE_RECURSION = YES;
				CLANG_WARN_INT_CONVERSION = YES;
				CLANG_WARN_NON_LITERAL_NULL_CONVERSION = YES;
				CLANG_WARN_OBJC_IMPLICIT_RETAIN_SELF = YES;
				CLANG_WARN_OBJC_LITERAL_CONVERSION = YES;
				CLANG_WARN_OBJC_ROOT_CLASS = YES_ERROR;
				CLANG_WARN_RANGE_LOOP_ANALYSIS = YES;
				CLANG_WARN_STRICT_PROTOTYPES = YES;
				CLANG_WARN_SUSPICIOUS_MOVE = YES;
				CLANG_WARN_UNGUARDED_AVAILABILITY = YES_AGGRESSIVE;
				CLANG_WARN_UNREACHABLE_CODE = YES;
				CLANG_WARN__DUPLICATE_METHOD_MATCH = YES;
				COPY_PHASE_STRIP = NO;
				DEBUG_INFORMATION_FORMAT = dwarf;
				ENABLE_STRICT_OBJC_MSGSEND = YES;
				ENABLE_TESTABILITY = YES;
				GCC_C_LANGUAGE_STANDARD = gnu11;
				GCC_DYNAMIC_NO_PIC = NO;
				GCC_NO_COMMON_BLOCKS = YES;
				GCC_OPTIMIZATION_LEVEL = 0;
				GCC_PREPROCESSOR_DEFINITIONS = (
					"DEBUG=1",
					"$(inherited)",
				);
				GCC_WARN_64_TO_32_BIT_CONVERSION = YES;
				GCC_WARN_ABOUT_RETURN_TYPE = YES_ERROR;
				GCC_WARN_UNDECLARED_SELECTOR = YES;
				GCC_WARN_UNINITIALIZED_AUTOS = YES_AGGRESSIVE;
				GCC_WARN_UNUSED_FUNCTION = YES;
				GCC_WARN_UNUSED_VARIABLE = YES;
				IPHONEOS_DEPLOYMENT_TARGET = 13.2;
				MTL_ENABLE_DEBUG_INFO = INCLUDE_SOURCE;
				MTL_FAST_MATH = YES;
				ONLY_ACTIVE_ARCH = YES;
				SDKROOT = iphoneos;
				SWIFT_ACTIVE_COMPILATION_CONDITIONS = DEBUG;
				SWIFT_OPTIMIZATION_LEVEL = "-Onone";
			};
			name = Debug;
		};
		3FE05AE22424537800066443 /* Release */ = {
			isa = XCBuildConfiguration;
			buildSettings = {
				ALWAYS_SEARCH_USER_PATHS = NO;
				CLANG_ANALYZER_NONNULL = YES;
				CLANG_ANALYZER_NUMBER_OBJECT_CONVERSION = YES_AGGRESSIVE;
				CLANG_CXX_LANGUAGE_STANDARD = "gnu++14";
				CLANG_CXX_LIBRARY = "libc++";
				CLANG_ENABLE_MODULES = YES;
				CLANG_ENABLE_OBJC_ARC = YES;
				CLANG_ENABLE_OBJC_WEAK = YES;
				CLANG_WARN_BLOCK_CAPTURE_AUTORELEASING = YES;
				CLANG_WARN_BOOL_CONVERSION = YES;
				CLANG_WARN_COMMA = YES;
				CLANG_WARN_CONSTANT_CONVERSION = YES;
				CLANG_WARN_DEPRECATED_OBJC_IMPLEMENTATIONS = YES;
				CLANG_WARN_DIRECT_OBJC_ISA_USAGE = YES_ERROR;
				CLANG_WARN_DOCUMENTATION_COMMENTS = YES;
				CLANG_WARN_EMPTY_BODY = YES;
				CLANG_WARN_ENUM_CONVERSION = YES;
				CLANG_WARN_INFINITE_RECURSION = YES;
				CLANG_WARN_INT_CONVERSION = YES;
				CLANG_WARN_NON_LITERAL_NULL_CONVERSION = YES;
				CLANG_WARN_OBJC_IMPLICIT_RETAIN_SELF = YES;
				CLANG_WARN_OBJC_LITERAL_CONVERSION = YES;
				CLANG_WARN_OBJC_ROOT_CLASS = YES_ERROR;
				CLANG_WARN_RANGE_LOOP_ANALYSIS = YES;
				CLANG_WARN_STRICT_PROTOTYPES = YES;
				CLANG_WARN_SUSPICIOUS_MOVE = YES;
				CLANG_WARN_UNGUARDED_AVAILABILITY = YES_AGGRESSIVE;
				CLANG_WARN_UNREACHABLE_CODE = YES;
				CLANG_WARN__DUPLICATE_METHOD_MATCH = YES;
				COPY_PHASE_STRIP = NO;
				DEBUG_INFORMATION_FORMAT = "dwarf-with-dsym";
				ENABLE_NS_ASSERTIONS = NO;
				ENABLE_STRICT_OBJC_MSGSEND = YES;
				GCC_C_LANGUAGE_STANDARD = gnu11;
				GCC_NO_COMMON_BLOCKS = YES;
				GCC_WARN_64_TO_32_BIT_CONVERSION = YES;
				GCC_WARN_ABOUT_RETURN_TYPE = YES_ERROR;
				GCC_WARN_UNDECLARED_SELECTOR = YES;
				GCC_WARN_UNINITIALIZED_AUTOS = YES_AGGRESSIVE;
				GCC_WARN_UNUSED_FUNCTION = YES;
				GCC_WARN_UNUSED_VARIABLE = YES;
				IPHONEOS_DEPLOYMENT_TARGET = 13.2;
				MTL_ENABLE_DEBUG_INFO = NO;
				MTL_FAST_MATH = YES;
				SDKROOT = iphoneos;
				SWIFT_COMPILATION_MODE = wholemodule;
				SWIFT_OPTIMIZATION_LEVEL = "-O";
				VALIDATE_PRODUCT = YES;
			};
			name = Release;
		};
		3FE05AE42424537800066443 /* Debug */ = {
			isa = XCBuildConfiguration;
			baseConfigurationReference = 7E556DA870BF3A2FBF4216BD /* Pods-CCMesseage.debug.xcconfig */;
			buildSettings = {
				ASSETCATALOG_COMPILER_APPICON_NAME = AppIcon;
				CODE_SIGN_STYLE = Automatic;
				INFOPLIST_FILE = CCMesseage/Info.plist;
				IPHONEOS_DEPLOYMENT_TARGET = 13.2;
				LD_RUNPATH_SEARCH_PATHS = (
					"$(inherited)",
					"@executable_path/Frameworks",
				);
				PRODUCT_BUNDLE_IDENTIFIER = Cotpear.CCMesseage;
				PRODUCT_NAME = "$(TARGET_NAME)";
				SWIFT_VERSION = 5.0;
				TARGETED_DEVICE_FAMILY = "1,2";
			};
			name = Debug;
		};
		3FE05AE52424537800066443 /* Release */ = {
			isa = XCBuildConfiguration;
			baseConfigurationReference = 470EE4D31016A8C721832C12 /* Pods-CCMesseage.release.xcconfig */;
			buildSettings = {
				ASSETCATALOG_COMPILER_APPICON_NAME = AppIcon;
				CODE_SIGN_STYLE = Automatic;
				INFOPLIST_FILE = CCMesseage/Info.plist;
				IPHONEOS_DEPLOYMENT_TARGET = 13.2;
				LD_RUNPATH_SEARCH_PATHS = (
					"$(inherited)",
					"@executable_path/Frameworks",
				);
				PRODUCT_BUNDLE_IDENTIFIER = Cotpear.CCMesseage;
				PRODUCT_NAME = "$(TARGET_NAME)";
				SWIFT_VERSION = 5.0;
				TARGETED_DEVICE_FAMILY = "1,2";
			};
			name = Release;
		};
/* End XCBuildConfiguration section */

/* Begin XCConfigurationList section */
		3FE05ACA2424537100066443 /* Build configuration list for PBXProject "CCMesseage" */ = {
			isa = XCConfigurationList;
			buildConfigurations = (
				3FE05AE12424537800066443 /* Debug */,
				3FE05AE22424537800066443 /* Release */,
			);
			defaultConfigurationIsVisible = 0;
			defaultConfigurationName = Release;
		};
		3FE05AE32424537800066443 /* Build configuration list for PBXNativeTarget "CCMesseage" */ = {
			isa = XCConfigurationList;
			buildConfigurations = (
				3FE05AE42424537800066443 /* Debug */,
				3FE05AE52424537800066443 /* Release */,
			);
			defaultConfigurationIsVisible = 0;
			defaultConfigurationName = Release;
		};
/* End XCConfigurationList section */
	};
	rootObject = 3FE05AC72424537100066443 /* Project object */;
}
